
Microsoft Visual Studio Solution File, Format Version 12.00
# Visual Studio 15
VisualStudioVersion = 15.0.28307.1022
MinimumVisualStudioVersion = 10.0.40219.1
Project("{FAE04EC0-301F-11D3-BF4B-00C04F79EFBC}") = "BNP.Domain", "BNP.Domain\BNP.Domain.csproj", "{FF01D193-448A-41A2-A1CA-75EA96F70498}"
EndProject
Project("{FAE04EC0-301F-11D3-BF4B-00C04F79EFBC}") = "BNP.Infra", "BNP.Infra\BNP.Infra.csproj", "{8E768B87-D70F-4D33-8AFD-3C0C994E18DC}"
EndProject
Project("{FAE04EC0-301F-11D3-BF4B-00C04F79EFBC}") = "BNP.IoC", "BNP.IoC\BNP.IoC.csproj", "{F592C2B1-1885-40B0-922C-7EEBA0B78389}"
EndProject
Project("{FAE04EC0-301F-11D3-BF4B-00C04F79EFBC}") = "BNP.Api", "BNP.Api\BNP.Api.csproj", "{EF07D130-B426-4DDE-AEF8-8659094CBD2B}"
EndProject
Project("{FAE04EC0-301F-11D3-BF4B-00C04F79EFBC}") = "BNP.WebFront", "BNP.WebFront\BNP.WebFront.csproj", "{32FFC1D3-D646-49B3-9CD3-DF47315F993E}"
EndProject
Global
	GlobalSection(SolutionConfigurationPlatforms) = preSolution
		Debug|Any CPU = Debug|Any CPU
		Release|Any CPU = Release|Any CPU
	EndGlobalSection
	GlobalSection(ProjectConfigurationPlatforms) = postSolution
		{FF01D193-448A-41A2-A1CA-75EA96F70498}.Debug|Any CPU.ActiveCfg = Debug|Any CPU
		{FF01D193-448A-41A2-A1CA-75EA96F70498}.Debug|Any CPU.Build.0 = Debug|Any CPU
		{FF01D193-448A-41A2-A1CA-75EA96F70498}.Release|Any CPU.ActiveCfg = Release|Any CPU
		{FF01D193-448A-41A2-A1CA-75EA96F70498}.Release|Any CPU.Build.0 = Release|Any CPU
		{8E768B87-D70F-4D33-8AFD-3C0C994E18DC}.Debug|Any CPU.ActiveCfg = Debug|Any CPU
		{8E768B87-D70F-4D33-8AFD-3C0C994E18DC}.Debug|Any CPU.Build.0 = Debug|Any CPU
		{8E768B87-D70F-4D33-8AFD-3C0C994E18DC}.Release|Any CPU.ActiveCfg = Release|Any CPU
		{8E768B87-D70F-4D33-8AFD-3C0C994E18DC}.Release|Any CPU.Build.0 = Release|Any CPU
		{F592C2B1-1885-40B0-922C-7EEBA0B78389}.Debug|Any CPU.ActiveCfg = Debug|Any CPU
		{F592C2B1-1885-40B0-922C-7EEBA0B78389}.Debug|Any CPU.Build.0 = Debug|Any CPU
		{F592C2B1-1885-40B0-922C-7EEBA0B78389}.Release|Any CPU.ActiveCfg = Release|Any CPU
		{F592C2B1-1885-40B0-922C-7EEBA0B78389}.Release|Any CPU.Build.0 = Release|Any CPU
		{EF07D130-B426-4DDE-AEF8-8659094CBD2B}.Debug|Any CPU.ActiveCfg = Debug|Any CPU
		{EF07D130-B426-4DDE-AEF8-8659094CBD2B}.Debug|Any CPU.Build.0 = Debug|Any CPU
		{EF07D130-B426-4DDE-AEF8-8659094CBD2B}.Release|Any CPU.ActiveCfg = Release|Any CPU
		{EF07D130-B426-4DDE-AEF8-8659094CBD2B}.Release|Any CPU.Build.0 = Release|Any CPU
		{32FFC1D3-D646-49B3-9CD3-DF47315F993E}.Debug|Any CPU.ActiveCfg = Debug|Any CPU
		{32FFC1D3-D646-49B3-9CD3-DF47315F993E}.Debug|Any CPU.Build.0 = Debug|Any CPU
		{32FFC1D3-D646-49B3-9CD3-DF47315F993E}.Release|Any CPU.ActiveCfg = Release|Any CPU
		{32FFC1D3-D646-49B3-9CD3-DF47315F993E}.Release|Any CPU.Build.0 = Release|Any CPU
	EndGlobalSection
	GlobalSection(SolutionProperties) = preSolution
		HideSolutionNode = FALSE
	EndGlobalSection
	GlobalSection(ExtensibilityGlobals) = postSolution
		SolutionGuid = {E7D19B06-E528-4B3F-86C0-90142D6F24F8}
	EndGlobalSection
EndGlobal
